
Microsoft Visual Studio Solution File, Format Version 12.00
# Visual Studio Version 16
VisualStudioVersion = 16.0.30621.155
MinimumVisualStudioVersion = 10.0.40219.1
Project("{FAE04EC0-301F-11D3-BF4B-00C04F79EFBC}") = "Lab3_IT_186001", "Lab3_IT_186001\Lab3_IT_186001.csproj", "{A206B6F6-D9BE-4B6E-A376-5BB27BFD0059}"
EndProject
Global
	GlobalSection(SolutionConfigurationPlatforms) = preSolution
		Debug|Any CPU = Debug|Any CPU
		Release|Any CPU = Release|Any CPU
	EndGlobalSection
	GlobalSection(ProjectConfigurationPlatforms) = postSolution
		{A206B6F6-D9BE-4B6E-A376-5BB27BFD0059}.Debug|Any CPU.ActiveCfg = Debug|Any CPU
		{A206B6F6-D9BE-4B6E-A376-5BB27BFD0059}.Debug|Any CPU.Build.0 = Debug|Any CPU
		{A206B6F6-D9BE-4B6E-A376-5BB27BFD0059}.Release|Any CPU.ActiveCfg = Release|Any CPU
		{A206B6F6-D9BE-4B6E-A376-5BB27BFD0059}.Release|Any CPU.Build.0 = Release|Any CPU
	EndGlobalSection
	GlobalSection(SolutionProperties) = preSolution
		HideSolutionNode = FALSE
	EndGlobalSection
	GlobalSection(ExtensibilityGlobals) = postSolution
		SolutionGuid = {BA4BA55A-39A9-4CE2-A837-D7DF75B2ACA6}
	EndGlobalSection
EndGlobal
